// !$*UTF8*$!
{
	archiveVersion = 1;
	classes = {
	};
	objectVersion = 56;
	objects = {

/* Begin PBXBuildFile section */
		C424067D2A1FB99A00997499 /* AppDelegate.swift in Sources */ = {isa = PBXBuildFile; fileRef = C424067C2A1FB99A00997499 /* AppDelegate.swift */; };
		C424067F2A1FB99A00997499 /* GameScene.sks in Resources */ = {isa = PBXBuildFile; fileRef = C424067E2A1FB99A00997499 /* GameScene.sks */; };
		C42406832A1FB99A00997499 /* GameScene.swift in Sources */ = {isa = PBXBuildFile; fileRef = C42406822A1FB99A00997499 /* GameScene.swift */; };
		C42406852A1FB99A00997499 /* GameViewController.swift in Sources */ = {isa = PBXBuildFile; fileRef = C42406842A1FB99A00997499 /* GameViewController.swift */; };
		C42406882A1FB99A00997499 /* Main.storyboard in Resources */ = {isa = PBXBuildFile; fileRef = C42406862A1FB99A00997499 /* Main.storyboard */; };
		C424068A2A1FB99B00997499 /* Assets.xcassets in Resources */ = {isa = PBXBuildFile; fileRef = C42406892A1FB99B00997499 /* Assets.xcassets */; };
		C424068D2A1FB99B00997499 /* LaunchScreen.storyboard in Resources */ = {isa = PBXBuildFile; fileRef = C424068B2A1FB99B00997499 /* LaunchScreen.storyboard */; };
		C424069A2A1FBD8500997499 /* EntityManager.swift in Sources */ = {isa = PBXBuildFile; fileRef = C42406992A1FBD8500997499 /* EntityManager.swift */; };
		C424069C2A1FBDE500997499 /* SpriteComponent.swift in Sources */ = {isa = PBXBuildFile; fileRef = C424069B2A1FBDE500997499 /* SpriteComponent.swift */; };
		C424069E2A1FC1F800997499 /* FightingScene.sks in Resources */ = {isa = PBXBuildFile; fileRef = C424069D2A1FC1F800997499 /* FightingScene.sks */; };
		C42406A02A1FC22D00997499 /* FightingScene.swift in Sources */ = {isa = PBXBuildFile; fileRef = C424069F2A1FC22D00997499 /* FightingScene.swift */; };
		C42406A22A1FC2CE00997499 /* RoosterEntity.swift in Sources */ = {isa = PBXBuildFile; fileRef = C42406A12A1FC2CE00997499 /* RoosterEntity.swift */; };
		C42406A52A1FC3DB00997499 /* GroundEntity.swift in Sources */ = {isa = PBXBuildFile; fileRef = C42406A42A1FC3DB00997499 /* GroundEntity.swift */; };
		C42406AA2A1FD5CC00997499 /* BackgroundEntity.swift in Sources */ = {isa = PBXBuildFile; fileRef = C42406A92A1FD5CC00997499 /* BackgroundEntity.swift */; };
		C42406AC2A205DCF00997499 /* TeamComponent.swift in Sources */ = {isa = PBXBuildFile; fileRef = C42406AB2A205DCF00997499 /* TeamComponent.swift */; };
		C42406AE2A205FD900997499 /* HealthbarComponent.swift in Sources */ = {isa = PBXBuildFile; fileRef = C42406AD2A205FD900997499 /* HealthbarComponent.swift */; };
/* End PBXBuildFile section */

/* Begin PBXFileReference section */
		C42406792A1FB99A00997499 /* Knight-Rooster.app */ = {isa = PBXFileReference; explicitFileType = wrapper.application; includeInIndex = 0; path = "Knight-Rooster.app"; sourceTree = BUILT_PRODUCTS_DIR; };
		C424067C2A1FB99A00997499 /* AppDelegate.swift */ = {isa = PBXFileReference; lastKnownFileType = sourcecode.swift; path = AppDelegate.swift; sourceTree = "<group>"; };
		C424067E2A1FB99A00997499 /* GameScene.sks */ = {isa = PBXFileReference; lastKnownFileType = file.sks; path = GameScene.sks; sourceTree = "<group>"; };
		C42406822A1FB99A00997499 /* GameScene.swift */ = {isa = PBXFileReference; lastKnownFileType = sourcecode.swift; path = GameScene.swift; sourceTree = "<group>"; };
		C42406842A1FB99A00997499 /* GameViewController.swift */ = {isa = PBXFileReference; lastKnownFileType = sourcecode.swift; path = GameViewController.swift; sourceTree = "<group>"; };
		C42406872A1FB99A00997499 /* Base */ = {isa = PBXFileReference; lastKnownFileType = file.storyboard; name = Base; path = Base.lproj/Main.storyboard; sourceTree = "<group>"; };
		C42406892A1FB99B00997499 /* Assets.xcassets */ = {isa = PBXFileReference; lastKnownFileType = folder.assetcatalog; path = Assets.xcassets; sourceTree = "<group>"; };
		C424068C2A1FB99B00997499 /* Base */ = {isa = PBXFileReference; lastKnownFileType = file.storyboard; name = Base; path = Base.lproj/LaunchScreen.storyboard; sourceTree = "<group>"; };
		C42406992A1FBD8500997499 /* EntityManager.swift */ = {isa = PBXFileReference; lastKnownFileType = sourcecode.swift; path = EntityManager.swift; sourceTree = "<group>"; };
		C424069B2A1FBDE500997499 /* SpriteComponent.swift */ = {isa = PBXFileReference; lastKnownFileType = sourcecode.swift; path = SpriteComponent.swift; sourceTree = "<group>"; };
		C424069D2A1FC1F800997499 /* FightingScene.sks */ = {isa = PBXFileReference; lastKnownFileType = file.sks; path = FightingScene.sks; sourceTree = "<group>"; };
		C424069F2A1FC22D00997499 /* FightingScene.swift */ = {isa = PBXFileReference; lastKnownFileType = sourcecode.swift; path = FightingScene.swift; sourceTree = "<group>"; };
		C42406A12A1FC2CE00997499 /* RoosterEntity.swift */ = {isa = PBXFileReference; lastKnownFileType = sourcecode.swift; path = RoosterEntity.swift; sourceTree = "<group>"; };
		C42406A42A1FC3DB00997499 /* GroundEntity.swift */ = {isa = PBXFileReference; lastKnownFileType = sourcecode.swift; path = GroundEntity.swift; sourceTree = "<group>"; };
		C42406A92A1FD5CC00997499 /* BackgroundEntity.swift */ = {isa = PBXFileReference; lastKnownFileType = sourcecode.swift; path = BackgroundEntity.swift; sourceTree = "<group>"; };
		C42406AB2A205DCF00997499 /* TeamComponent.swift */ = {isa = PBXFileReference; lastKnownFileType = sourcecode.swift; path = TeamComponent.swift; sourceTree = "<group>"; };
		C42406AD2A205FD900997499 /* HealthbarComponent.swift */ = {isa = PBXFileReference; lastKnownFileType = sourcecode.swift; path = HealthbarComponent.swift; sourceTree = "<group>"; };
/* End PBXFileReference section */

/* Begin PBXFrameworksBuildPhase section */
		C42406762A1FB99A00997499 /* Frameworks */ = {
			isa = PBXFrameworksBuildPhase;
			buildActionMask = 2147483647;
			files = (
			);
			runOnlyForDeploymentPostprocessing = 0;
		};
/* End PBXFrameworksBuildPhase section */

/* Begin PBXGroup section */
		C42406702A1FB99A00997499 = {
			isa = PBXGroup;
			children = (
				C424067B2A1FB99A00997499 /* Knight-Rooster */,
				C424067A2A1FB99A00997499 /* Products */,
			);
			sourceTree = "<group>";
		};
		C424067A2A1FB99A00997499 /* Products */ = {
			isa = PBXGroup;
			children = (
				C42406792A1FB99A00997499 /* Knight-Rooster.app */,
			);
			name = Products;
			sourceTree = "<group>";
		};
		C424067B2A1FB99A00997499 /* Knight-Rooster */ = {
			isa = PBXGroup;
			children = (
				C42406982A1FBD4200997499 /* Assets */,
				C42406972A1FBD2700997499 /* Core */,
				C42406962A1FBCE900997499 /* Scenes */,
				C42406952A1FBCE200997499 /* Components */,
				C42406942A1FBCB900997499 /* Utilities & Helper */,
				C42406932A1FBCB300997499 /* Entities */,
			);
			path = "Knight-Rooster";
			sourceTree = "<group>";
		};
		C42406932A1FBCB300997499 /* Entities */ = {
			isa = PBXGroup;
			children = (
				C42406A32A1FC3C700997499 /* Objects */,
				C42406A12A1FC2CE00997499 /* RoosterEntity.swift */,
				C42406AD2A205FD900997499 /* HealthbarComponent.swift */,
			);
			path = Entities;
			sourceTree = "<group>";
		};
		C42406942A1FBCB900997499 /* Utilities & Helper */ = {
			isa = PBXGroup;
			children = (
				C42406992A1FBD8500997499 /* EntityManager.swift */,
			);
			path = "Utilities & Helper";
			sourceTree = "<group>";
		};
		C42406952A1FBCE200997499 /* Components */ = {
			isa = PBXGroup;
			children = (
				C42406A62A1FC3E100997499 /* Objects */,
				C424069B2A1FBDE500997499 /* SpriteComponent.swift */,
				C42406AB2A205DCF00997499 /* TeamComponent.swift */,
			);
			path = Components;
			sourceTree = "<group>";
		};
		C42406962A1FBCE900997499 /* Scenes */ = {
			isa = PBXGroup;
			children = (
				C424067E2A1FB99A00997499 /* GameScene.sks */,
				C42406822A1FB99A00997499 /* GameScene.swift */,
				C424069D2A1FC1F800997499 /* FightingScene.sks */,
				C424069F2A1FC22D00997499 /* FightingScene.swift */,
			);
			path = Scenes;
			sourceTree = "<group>";
		};
		C42406972A1FBD2700997499 /* Core */ = {
			isa = PBXGroup;
			children = (
				C424067C2A1FB99A00997499 /* AppDelegate.swift */,
				C42406842A1FB99A00997499 /* GameViewController.swift */,
				C42406862A1FB99A00997499 /* Main.storyboard */,
				C424068B2A1FB99B00997499 /* LaunchScreen.storyboard */,
			);
			path = Core;
			sourceTree = "<group>";
		};
		C42406982A1FBD4200997499 /* Assets */ = {
			isa = PBXGroup;
			children = (
				C42406892A1FB99B00997499 /* Assets.xcassets */,
			);
			path = Assets;
			sourceTree = "<group>";
		};
		C42406A32A1FC3C700997499 /* Objects */ = {
			isa = PBXGroup;
			children = (
				C42406A42A1FC3DB00997499 /* GroundEntity.swift */,
				C42406A92A1FD5CC00997499 /* BackgroundEntity.swift */,
			);
			path = Objects;
			sourceTree = "<group>";
		};
		C42406A62A1FC3E100997499 /* Objects */ = {
			isa = PBXGroup;
			children = (
			);
			path = Objects;
			sourceTree = "<group>";
		};
/* End PBXGroup section */

/* Begin PBXNativeTarget section */
		C42406782A1FB99A00997499 /* Knight-Rooster */ = {
			isa = PBXNativeTarget;
			buildConfigurationList = C42406902A1FB99B00997499 /* Build configuration list for PBXNativeTarget "Knight-Rooster" */;
			buildPhases = (
				C42406752A1FB99A00997499 /* Sources */,
				C42406762A1FB99A00997499 /* Frameworks */,
				C42406772A1FB99A00997499 /* Resources */,
			);
			buildRules = (
			);
			dependencies = (
			);
			name = "Knight-Rooster";
			productName = "Knight Rooster : Cock Fighting Game";
			productReference = C42406792A1FB99A00997499 /* Knight-Rooster.app */;
			productType = "com.apple.product-type.application";
		};
/* End PBXNativeTarget section */

/* Begin PBXProject section */
		C42406712A1FB99A00997499 /* Project object */ = {
			isa = PBXProject;
			attributes = {
				BuildIndependentTargetsInParallel = 1;
				LastSwiftUpdateCheck = 1430;
				LastUpgradeCheck = 1430;
				TargetAttributes = {
					C42406782A1FB99A00997499 = {
						CreatedOnToolsVersion = 14.3;
					};
				};
			};
			buildConfigurationList = C42406742A1FB99A00997499 /* Build configuration list for PBXProject "Knight-Rooster" */;
			compatibilityVersion = "Xcode 14.0";
			developmentRegion = en;
			hasScannedForEncodings = 0;
			knownRegions = (
				en,
				Base,
			);
			mainGroup = C42406702A1FB99A00997499;
			productRefGroup = C424067A2A1FB99A00997499 /* Products */;
			projectDirPath = "";
			projectRoot = "";
			targets = (
				C42406782A1FB99A00997499 /* Knight-Rooster */,
			);
		};
/* End PBXProject section */

/* Begin PBXResourcesBuildPhase section */
		C42406772A1FB99A00997499 /* Resources */ = {
			isa = PBXResourcesBuildPhase;
			buildActionMask = 2147483647;
			files = (
				C42406882A1FB99A00997499 /* Main.storyboard in Resources */,
				C424069E2A1FC1F800997499 /* FightingScene.sks in Resources */,
				C424067F2A1FB99A00997499 /* GameScene.sks in Resources */,
				C424068A2A1FB99B00997499 /* Assets.xcassets in Resources */,
				C424068D2A1FB99B00997499 /* LaunchScreen.storyboard in Resources */,
			);
			runOnlyForDeploymentPostprocessing = 0;
		};
/* End PBXResourcesBuildPhase section */

/* Begin PBXSourcesBuildPhase section */
		C42406752A1FB99A00997499 /* Sources */ = {
			isa = PBXSourcesBuildPhase;
			buildActionMask = 2147483647;
			files = (
				C42406A02A1FC22D00997499 /* FightingScene.swift in Sources */,
				C42406AE2A205FD900997499 /* HealthbarComponent.swift in Sources */,
				C42406A52A1FC3DB00997499 /* GroundEntity.swift in Sources */,
				C42406832A1FB99A00997499 /* GameScene.swift in Sources */,
				C42406852A1FB99A00997499 /* GameViewController.swift in Sources */,
				C42406AC2A205DCF00997499 /* TeamComponent.swift in Sources */,
				C42406A22A1FC2CE00997499 /* RoosterEntity.swift in Sources */,
				C42406AA2A1FD5CC00997499 /* BackgroundEntity.swift in Sources */,
				C424069A2A1FBD8500997499 /* EntityManager.swift in Sources */,
				C424069C2A1FBDE500997499 /* SpriteComponent.swift in Sources */,
				C424067D2A1FB99A00997499 /* AppDelegate.swift in Sources */,
			);
			runOnlyForDeploymentPostprocessing = 0;
		};
/* End PBXSourcesBuildPhase section */

/* Begin PBXVariantGroup section */
		C42406862A1FB99A00997499 /* Main.storyboard */ = {
			isa = PBXVariantGroup;
			children = (
				C42406872A1FB99A00997499 /* Base */,
			);
			name = Main.storyboard;
			sourceTree = "<group>";
		};
		C424068B2A1FB99B00997499 /* LaunchScreen.storyboard */ = {
			isa = PBXVariantGroup;
			children = (
				C424068C2A1FB99B00997499 /* Base */,
			);
			name = LaunchScreen.storyboard;
			sourceTree = "<group>";
		};
/* End PBXVariantGroup section */

/* Begin XCBuildConfiguration section */
		C424068E2A1FB99B00997499 /* Debug */ = {
			isa = XCBuildConfiguration;
			buildSettings = {
				ALWAYS_SEARCH_USER_PATHS = NO;
				CLANG_ANALYZER_NONNULL = YES;
				CLANG_ANALYZER_NUMBER_OBJECT_CONVERSION = YES_AGGRESSIVE;
				CLANG_CXX_LANGUAGE_STANDARD = "gnu++20";
				CLANG_ENABLE_MODULES = YES;
				CLANG_ENABLE_OBJC_ARC = YES;
				CLANG_ENABLE_OBJC_WEAK = YES;
				CLANG_WARN_BLOCK_CAPTURE_AUTORELEASING = YES;
				CLANG_WARN_BOOL_CONVERSION = YES;
				CLANG_WARN_COMMA = YES;
				CLANG_WARN_CONSTANT_CONVERSION = YES;
				CLANG_WARN_DEPRECATED_OBJC_IMPLEMENTATIONS = YES;
				CLANG_WARN_DIRECT_OBJC_ISA_USAGE = YES_ERROR;
				CLANG_WARN_DOCUMENTATION_COMMENTS = YES;
				CLANG_WARN_EMPTY_BODY = YES;
				CLANG_WARN_ENUM_CONVERSION = YES;
				CLANG_WARN_INFINITE_RECURSION = YES;
				CLANG_WARN_INT_CONVERSION = YES;
				CLANG_WARN_NON_LITERAL_NULL_CONVERSION = YES;
				CLANG_WARN_OBJC_IMPLICIT_RETAIN_SELF = YES;
				CLANG_WARN_OBJC_LITERAL_CONVERSION = YES;
				CLANG_WARN_OBJC_ROOT_CLASS = YES_ERROR;
				CLANG_WARN_QUOTED_INCLUDE_IN_FRAMEWORK_HEADER = YES;
				CLANG_WARN_RANGE_LOOP_ANALYSIS = YES;
				CLANG_WARN_STRICT_PROTOTYPES = YES;
				CLANG_WARN_SUSPICIOUS_MOVE = YES;
				CLANG_WARN_UNGUARDED_AVAILABILITY = YES_AGGRESSIVE;
				CLANG_WARN_UNREACHABLE_CODE = YES;
				CLANG_WARN__DUPLICATE_METHOD_MATCH = YES;
				COPY_PHASE_STRIP = NO;
				DEBUG_INFORMATION_FORMAT = dwarf;
				ENABLE_STRICT_OBJC_MSGSEND = YES;
				ENABLE_TESTABILITY = YES;
				GCC_C_LANGUAGE_STANDARD = gnu11;
				GCC_DYNAMIC_NO_PIC = NO;
				GCC_NO_COMMON_BLOCKS = YES;
				GCC_OPTIMIZATION_LEVEL = 0;
				GCC_PREPROCESSOR_DEFINITIONS = (
					"DEBUG=1",
					"$(inherited)",
				);
				GCC_WARN_64_TO_32_BIT_CONVERSION = YES;
				GCC_WARN_ABOUT_RETURN_TYPE = YES_ERROR;
				GCC_WARN_UNDECLARED_SELECTOR = YES;
				GCC_WARN_UNINITIALIZED_AUTOS = YES_AGGRESSIVE;
				GCC_WARN_UNUSED_FUNCTION = YES;
				GCC_WARN_UNUSED_VARIABLE = YES;
				IPHONEOS_DEPLOYMENT_TARGET = 16.4;
				MTL_ENABLE_DEBUG_INFO = INCLUDE_SOURCE;
				MTL_FAST_MATH = YES;
				ONLY_ACTIVE_ARCH = YES;
				SDKROOT = iphoneos;
				SWIFT_ACTIVE_COMPILATION_CONDITIONS = DEBUG;
				SWIFT_OPTIMIZATION_LEVEL = "-Onone";
			};
			name = Debug;
		};
		C424068F2A1FB99B00997499 /* Release */ = {
			isa = XCBuildConfiguration;
			buildSettings = {
				ALWAYS_SEARCH_USER_PATHS = NO;
				CLANG_ANALYZER_NONNULL = YES;
				CLANG_ANALYZER_NUMBER_OBJECT_CONVERSION = YES_AGGRESSIVE;
				CLANG_CXX_LANGUAGE_STANDARD = "gnu++20";
				CLANG_ENABLE_MODULES = YES;
				CLANG_ENABLE_OBJC_ARC = YES;
				CLANG_ENABLE_OBJC_WEAK = YES;
				CLANG_WARN_BLOCK_CAPTURE_AUTORELEASING = YES;
				CLANG_WARN_BOOL_CONVERSION = YES;
				CLANG_WARN_COMMA = YES;
				CLANG_WARN_CONSTANT_CONVERSION = YES;
				CLANG_WARN_DEPRECATED_OBJC_IMPLEMENTATIONS = YES;
				CLANG_WARN_DIRECT_OBJC_ISA_USAGE = YES_ERROR;
				CLANG_WARN_DOCUMENTATION_COMMENTS = YES;
				CLANG_WARN_EMPTY_BODY = YES;
				CLANG_WARN_ENUM_CONVERSION = YES;
				CLANG_WARN_INFINITE_RECURSION = YES;
				CLANG_WARN_INT_CONVERSION = YES;
				CLANG_WARN_NON_LITERAL_NULL_CONVERSION = YES;
				CLANG_WARN_OBJC_IMPLICIT_RETAIN_SELF = YES;
				CLANG_WARN_OBJC_LITERAL_CONVERSION = YES;
				CLANG_WARN_OBJC_ROOT_CLASS = YES_ERROR;
				CLANG_WARN_QUOTED_INCLUDE_IN_FRAMEWORK_HEADER = YES;
				CLANG_WARN_RANGE_LOOP_ANALYSIS = YES;
				CLANG_WARN_STRICT_PROTOTYPES = YES;
				CLANG_WARN_SUSPICIOUS_MOVE = YES;
				CLANG_WARN_UNGUARDED_AVAILABILITY = YES_AGGRESSIVE;
				CLANG_WARN_UNREACHABLE_CODE = YES;
				CLANG_WARN__DUPLICATE_METHOD_MATCH = YES;
				COPY_PHASE_STRIP = NO;
				DEBUG_INFORMATION_FORMAT = "dwarf-with-dsym";
				ENABLE_NS_ASSERTIONS = NO;
				ENABLE_STRICT_OBJC_MSGSEND = YES;
				GCC_C_LANGUAGE_STANDARD = gnu11;
				GCC_NO_COMMON_BLOCKS = YES;
				GCC_WARN_64_TO_32_BIT_CONVERSION = YES;
				GCC_WARN_ABOUT_RETURN_TYPE = YES_ERROR;
				GCC_WARN_UNDECLARED_SELECTOR = YES;
				GCC_WARN_UNINITIALIZED_AUTOS = YES_AGGRESSIVE;
				GCC_WARN_UNUSED_FUNCTION = YES;
				GCC_WARN_UNUSED_VARIABLE = YES;
				IPHONEOS_DEPLOYMENT_TARGET = 16.4;
				MTL_ENABLE_DEBUG_INFO = NO;
				MTL_FAST_MATH = YES;
				SDKROOT = iphoneos;
				SWIFT_COMPILATION_MODE = wholemodule;
				SWIFT_OPTIMIZATION_LEVEL = "-O";
				VALIDATE_PRODUCT = YES;
			};
			name = Release;
		};
		C42406912A1FB99B00997499 /* Debug */ = {
			isa = XCBuildConfiguration;
			buildSettings = {
				ASSETCATALOG_COMPILER_APPICON_NAME = AppIcon;
				ASSETCATALOG_COMPILER_GLOBAL_ACCENT_COLOR_NAME = AccentColor;
				CODE_SIGN_STYLE = Automatic;
				CURRENT_PROJECT_VERSION = 1;
				DEVELOPMENT_TEAM = U58Z5DC5TF;
				GENERATE_INFOPLIST_FILE = YES;
				INFOPLIST_KEY_CFBundleDisplayName = "Knight CockFighting";
				INFOPLIST_KEY_LSApplicationCategoryType = "public.app-category.action-games";
				INFOPLIST_KEY_UIApplicationSupportsIndirectInputEvents = YES;
				INFOPLIST_KEY_UILaunchStoryboardName = LaunchScreen;
				INFOPLIST_KEY_UIMainStoryboardFile = Main;
				INFOPLIST_KEY_UIRequiresFullScreen = YES;
				INFOPLIST_KEY_UIStatusBarHidden = YES;
				INFOPLIST_KEY_UISupportedInterfaceOrientations = "UIInterfaceOrientationLandscapeLeft UIInterfaceOrientationLandscapeRight";
				IPHONEOS_DEPLOYMENT_TARGET = 14.0;
				LD_RUNPATH_SEARCH_PATHS = (
					"$(inherited)",
					"@executable_path/Frameworks",
				);
				MARKETING_VERSION = 1.0;
				PRODUCT_BUNDLE_IDENTIFIER = "com.satriaperd.Knight-Rooster---Cock-Fighting-Game";
				PRODUCT_NAME = "$(TARGET_NAME)";
				SWIFT_EMIT_LOC_STRINGS = YES;
				SWIFT_VERSION = 5.0;
				TARGETED_DEVICE_FAMILY = "1,2";
			};
			name = Debug;
		};
		C42406922A1FB99B00997499 /* Release */ = {
			isa = XCBuildConfiguration;
			buildSettings = {
				ASSETCATALOG_COMPILER_APPICON_NAME = AppIcon;
				ASSETCATALOG_COMPILER_GLOBAL_ACCENT_COLOR_NAME = AccentColor;
				CODE_SIGN_STYLE = Automatic;
				CURRENT_PROJECT_VERSION = 1;
				DEVELOPMENT_TEAM = U58Z5DC5TF;
				GENERATE_INFOPLIST_FILE = YES;
				INFOPLIST_KEY_CFBundleDisplayName = "Knight CockFighting";
				INFOPLIST_KEY_LSApplicationCategoryType = "public.app-category.action-games";
				INFOPLIST_KEY_UIApplicationSupportsIndirectInputEvents = YES;
				INFOPLIST_KEY_UILaunchStoryboardName = LaunchScreen;
				INFOPLIST_KEY_UIMainStoryboardFile = Main;
				INFOPLIST_KEY_UIRequiresFullScreen = YES;
				INFOPLIST_KEY_UIStatusBarHidden = YES;
				INFOPLIST_KEY_UISupportedInterfaceOrientations = "UIInterfaceOrientationLandscapeLeft UIInterfaceOrientationLandscapeRight";
				IPHONEOS_DEPLOYMENT_TARGET = 14.0;
				LD_RUNPATH_SEARCH_PATHS = (
					"$(inherited)",
					"@executable_path/Frameworks",
				);
				MARKETING_VERSION = 1.0;
				PRODUCT_BUNDLE_IDENTIFIER = "com.satriaperd.Knight-Rooster---Cock-Fighting-Game";
				PRODUCT_NAME = "$(TARGET_NAME)";
				SWIFT_EMIT_LOC_STRINGS = YES;
				SWIFT_VERSION = 5.0;
				TARGETED_DEVICE_FAMILY = "1,2";
			};
			name = Release;
		};
/* End XCBuildConfiguration section */

/* Begin XCConfigurationList section */
		C42406742A1FB99A00997499 /* Build configuration list for PBXProject "Knight-Rooster" */ = {
			isa = XCConfigurationList;
			buildConfigurations = (
				C424068E2A1FB99B00997499 /* Debug */,
				C424068F2A1FB99B00997499 /* Release */,
			);
			defaultConfigurationIsVisible = 0;
			defaultConfigurationName = Release;
		};
		C42406902A1FB99B00997499 /* Build configuration list for PBXNativeTarget "Knight-Rooster" */ = {
			isa = XCConfigurationList;
			buildConfigurations = (
				C42406912A1FB99B00997499 /* Debug */,
				C42406922A1FB99B00997499 /* Release */,
			);
			defaultConfigurationIsVisible = 0;
			defaultConfigurationName = Release;
		};
/* End XCConfigurationList section */
	};
	rootObject = C42406712A1FB99A00997499 /* Project object */;
}
